
Microsoft Visual Studio Solution File, Format Version 11.00
# Visual Studio 2010
Project("{8BC9CEB8-8B4A-11D0-8D11-00A0C91BC942}") = "test_perfect_shouler_elbow_fingers", "test_perfect_shouler_elbow_fingers\test_perfect_shouler_elbow_fingers.vcxproj", "{05144D21-9ADE-438E-9393-49596A702165}"
EndProject
Global
	GlobalSection(SolutionConfigurationPlatforms) = preSolution
		Debug|Win32 = Debug|Win32
		Release|Win32 = Release|Win32
	EndGlobalSection
	GlobalSection(ProjectConfigurationPlatforms) = postSolution
		{05144D21-9ADE-438E-9393-49596A702165}.Debug|Win32.ActiveCfg = Debug|Win32
		{05144D21-9ADE-438E-9393-49596A702165}.Debug|Win32.Build.0 = Debug|Win32
		{05144D21-9ADE-438E-9393-49596A702165}.Release|Win32.ActiveCfg = Release|Win32
		{05144D21-9ADE-438E-9393-49596A702165}.Release|Win32.Build.0 = Release|Win32
	EndGlobalSection
	GlobalSection(SolutionProperties) = preSolution
		HideSolutionNode = FALSE
	EndGlobalSection
EndGlobal
